// !$*UTF8*$!
{
	archiveVersion = 1;
	classes = {
	};
	objectVersion = 50;
	objects = {

/* Begin PBXBuildFile section */
		D1E7253C231FC805000289F9 /* AppDelegate.swift in Sources */ = {isa = PBXBuildFile; fileRef = D1E7253B231FC805000289F9 /* AppDelegate.swift */; };
		D1E7253E231FC805000289F9 /* ViewController.swift in Sources */ = {isa = PBXBuildFile; fileRef = D1E7253D231FC805000289F9 /* ViewController.swift */; };
		D1E72541231FC805000289F9 /* Main.storyboard in Resources */ = {isa = PBXBuildFile; fileRef = D1E7253F231FC805000289F9 /* Main.storyboard */; };
		D1E72543231FC806000289F9 /* Assets.xcassets in Resources */ = {isa = PBXBuildFile; fileRef = D1E72542231FC806000289F9 /* Assets.xcassets */; };
		D1E72546231FC806000289F9 /* LaunchScreen.storyboard in Resources */ = {isa = PBXBuildFile; fileRef = D1E72544231FC806000289F9 /* LaunchScreen.storyboard */; };
		D1E72551231FC806000289F9 /* JJTextFieldTests.swift in Sources */ = {isa = PBXBuildFile; fileRef = D1E72550231FC806000289F9 /* JJTextFieldTests.swift */; };
		D1E7255C231FC807000289F9 /* JJTextFieldUITests.swift in Sources */ = {isa = PBXBuildFile; fileRef = D1E7255B231FC807000289F9 /* JJTextFieldUITests.swift */; };
		D1E7256C231FC937000289F9 /* JJTextField.swift in Sources */ = {isa = PBXBuildFile; fileRef = D1E7256B231FC937000289F9 /* JJTextField.swift */; };
/* End PBXBuildFile section */

/* Begin PBXContainerItemProxy section */
		D1E7254D231FC806000289F9 /* PBXContainerItemProxy */ = {
			isa = PBXContainerItemProxy;
			containerPortal = D1E72530231FC805000289F9 /* Project object */;
			proxyType = 1;
			remoteGlobalIDString = D1E72537231FC805000289F9;
			remoteInfo = JJTextField;
		};
		D1E72558231FC807000289F9 /* PBXContainerItemProxy */ = {
			isa = PBXContainerItemProxy;
			containerPortal = D1E72530231FC805000289F9 /* Project object */;
			proxyType = 1;
			remoteGlobalIDString = D1E72537231FC805000289F9;
			remoteInfo = JJTextField;
		};
/* End PBXContainerItemProxy section */

/* Begin PBXFileReference section */
		D1E72538231FC805000289F9 /* JJTextField.app */ = {isa = PBXFileReference; explicitFileType = wrapper.application; includeInIndex = 0; path = JJTextField.app; sourceTree = BUILT_PRODUCTS_DIR; };
		D1E7253B231FC805000289F9 /* AppDelegate.swift */ = {isa = PBXFileReference; lastKnownFileType = sourcecode.swift; path = AppDelegate.swift; sourceTree = "<group>"; };
		D1E7253D231FC805000289F9 /* ViewController.swift */ = {isa = PBXFileReference; lastKnownFileType = sourcecode.swift; path = ViewController.swift; sourceTree = "<group>"; };
		D1E72540231FC805000289F9 /* Base */ = {isa = PBXFileReference; lastKnownFileType = file.storyboard; name = Base; path = Base.lproj/Main.storyboard; sourceTree = "<group>"; };
		D1E72542231FC806000289F9 /* Assets.xcassets */ = {isa = PBXFileReference; lastKnownFileType = folder.assetcatalog; path = Assets.xcassets; sourceTree = "<group>"; };
		D1E72545231FC806000289F9 /* Base */ = {isa = PBXFileReference; lastKnownFileType = file.storyboard; name = Base; path = Base.lproj/LaunchScreen.storyboard; sourceTree = "<group>"; };
		D1E72547231FC806000289F9 /* Info.plist */ = {isa = PBXFileReference; lastKnownFileType = text.plist.xml; path = Info.plist; sourceTree = "<group>"; };
		D1E7254C231FC806000289F9 /* JJTextFieldTests.xctest */ = {isa = PBXFileReference; explicitFileType = wrapper.cfbundle; includeInIndex = 0; path = JJTextFieldTests.xctest; sourceTree = BUILT_PRODUCTS_DIR; };
		D1E72550231FC806000289F9 /* JJTextFieldTests.swift */ = {isa = PBXFileReference; lastKnownFileType = sourcecode.swift; path = JJTextFieldTests.swift; sourceTree = "<group>"; };
		D1E72552231FC806000289F9 /* Info.plist */ = {isa = PBXFileReference; lastKnownFileType = text.plist.xml; path = Info.plist; sourceTree = "<group>"; };
		D1E72557231FC807000289F9 /* JJTextFieldUITests.xctest */ = {isa = PBXFileReference; explicitFileType = wrapper.cfbundle; includeInIndex = 0; path = JJTextFieldUITests.xctest; sourceTree = BUILT_PRODUCTS_DIR; };
		D1E7255B231FC807000289F9 /* JJTextFieldUITests.swift */ = {isa = PBXFileReference; lastKnownFileType = sourcecode.swift; path = JJTextFieldUITests.swift; sourceTree = "<group>"; };
		D1E7255D231FC807000289F9 /* Info.plist */ = {isa = PBXFileReference; lastKnownFileType = text.plist.xml; path = Info.plist; sourceTree = "<group>"; };
		D1E7256B231FC937000289F9 /* JJTextField.swift */ = {isa = PBXFileReference; lastKnownFileType = sourcecode.swift; path = JJTextField.swift; sourceTree = "<group>"; };
/* End PBXFileReference section */

/* Begin PBXFrameworksBuildPhase section */
		D1E72535231FC805000289F9 /* Frameworks */ = {
			isa = PBXFrameworksBuildPhase;
			buildActionMask = 2147483647;
			files = (
			);
			runOnlyForDeploymentPostprocessing = 0;
		};
		D1E72549231FC806000289F9 /* Frameworks */ = {
			isa = PBXFrameworksBuildPhase;
			buildActionMask = 2147483647;
			files = (
			);
			runOnlyForDeploymentPostprocessing = 0;
		};
		D1E72554231FC807000289F9 /* Frameworks */ = {
			isa = PBXFrameworksBuildPhase;
			buildActionMask = 2147483647;
			files = (
			);
			runOnlyForDeploymentPostprocessing = 0;
		};
/* End PBXFrameworksBuildPhase section */

/* Begin PBXGroup section */
		D1E7252F231FC805000289F9 = {
			isa = PBXGroup;
			children = (
				D1E7253A231FC805000289F9 /* JJTextField */,
				D1E7254F231FC806000289F9 /* JJTextFieldTests */,
				D1E7255A231FC807000289F9 /* JJTextFieldUITests */,
				D1E72539231FC805000289F9 /* Products */,
			);
			sourceTree = "<group>";
		};
		D1E72539231FC805000289F9 /* Products */ = {
			isa = PBXGroup;
			children = (
				D1E72538231FC805000289F9 /* JJTextField.app */,
				D1E7254C231FC806000289F9 /* JJTextFieldTests.xctest */,
				D1E72557231FC807000289F9 /* JJTextFieldUITests.xctest */,
			);
			name = Products;
			sourceTree = "<group>";
		};
		D1E7253A231FC805000289F9 /* JJTextField */ = {
			isa = PBXGroup;
			children = (
				D1E72547231FC806000289F9 /* Info.plist */,
				D1E72569231FC913000289F9 /* Usage */,
				D1E7256A231FC922000289F9 /* JJTextField */,
			);
			path = JJTextField;
			sourceTree = "<group>";
		};
		D1E7254F231FC806000289F9 /* JJTextFieldTests */ = {
			isa = PBXGroup;
			children = (
				D1E72550231FC806000289F9 /* JJTextFieldTests.swift */,
				D1E72552231FC806000289F9 /* Info.plist */,
			);
			path = JJTextFieldTests;
			sourceTree = "<group>";
		};
		D1E7255A231FC807000289F9 /* JJTextFieldUITests */ = {
			isa = PBXGroup;
			children = (
				D1E7255B231FC807000289F9 /* JJTextFieldUITests.swift */,
				D1E7255D231FC807000289F9 /* Info.plist */,
			);
			path = JJTextFieldUITests;
			sourceTree = "<group>";
		};
		D1E72569231FC913000289F9 /* Usage */ = {
			isa = PBXGroup;
			children = (
				D1E7253B231FC805000289F9 /* AppDelegate.swift */,
				D1E7253D231FC805000289F9 /* ViewController.swift */,
				D1E7253F231FC805000289F9 /* Main.storyboard */,
				D1E72542231FC806000289F9 /* Assets.xcassets */,
				D1E72544231FC806000289F9 /* LaunchScreen.storyboard */,
			);
			path = Usage;
			sourceTree = "<group>";
		};
		D1E7256A231FC922000289F9 /* JJTextField */ = {
			isa = PBXGroup;
			children = (
				D1E7256B231FC937000289F9 /* JJTextField.swift */,
			);
			path = JJTextField;
			sourceTree = "<group>";
		};
/* End PBXGroup section */

/* Begin PBXNativeTarget section */
		D1E72537231FC805000289F9 /* JJTextField */ = {
			isa = PBXNativeTarget;
			buildConfigurationList = D1E72560231FC807000289F9 /* Build configuration list for PBXNativeTarget "JJTextField" */;
			buildPhases = (
				D1E72534231FC805000289F9 /* Sources */,
				D1E72535231FC805000289F9 /* Frameworks */,
				D1E72536231FC805000289F9 /* Resources */,
			);
			buildRules = (
			);
			dependencies = (
			);
			name = JJTextField;
			productName = JJTextField;
			productReference = D1E72538231FC805000289F9 /* JJTextField.app */;
			productType = "com.apple.product-type.application";
		};
		D1E7254B231FC806000289F9 /* JJTextFieldTests */ = {
			isa = PBXNativeTarget;
			buildConfigurationList = D1E72563231FC807000289F9 /* Build configuration list for PBXNativeTarget "JJTextFieldTests" */;
			buildPhases = (
				D1E72548231FC806000289F9 /* Sources */,
				D1E72549231FC806000289F9 /* Frameworks */,
				D1E7254A231FC806000289F9 /* Resources */,
			);
			buildRules = (
			);
			dependencies = (
				D1E7254E231FC806000289F9 /* PBXTargetDependency */,
			);
			name = JJTextFieldTests;
			productName = JJTextFieldTests;
			productReference = D1E7254C231FC806000289F9 /* JJTextFieldTests.xctest */;
			productType = "com.apple.product-type.bundle.unit-test";
		};
		D1E72556231FC807000289F9 /* JJTextFieldUITests */ = {
			isa = PBXNativeTarget;
			buildConfigurationList = D1E72566231FC807000289F9 /* Build configuration list for PBXNativeTarget "JJTextFieldUITests" */;
			buildPhases = (
				D1E72553231FC807000289F9 /* Sources */,
				D1E72554231FC807000289F9 /* Frameworks */,
				D1E72555231FC807000289F9 /* Resources */,
			);
			buildRules = (
			);
			dependencies = (
				D1E72559231FC807000289F9 /* PBXTargetDependency */,
			);
			name = JJTextFieldUITests;
			productName = JJTextFieldUITests;
			productReference = D1E72557231FC807000289F9 /* JJTextFieldUITests.xctest */;
			productType = "com.apple.product-type.bundle.ui-testing";
		};
/* End PBXNativeTarget section */

/* Begin PBXProject section */
		D1E72530231FC805000289F9 /* Project object */ = {
			isa = PBXProject;
			attributes = {
				LastSwiftUpdateCheck = 1030;
				LastUpgradeCheck = 1030;
				ORGANIZATIONNAME = Matrixport;
				TargetAttributes = {
					D1E72537231FC805000289F9 = {
						CreatedOnToolsVersion = 10.3;
					};
					D1E7254B231FC806000289F9 = {
						CreatedOnToolsVersion = 10.3;
						TestTargetID = D1E72537231FC805000289F9;
					};
					D1E72556231FC807000289F9 = {
						CreatedOnToolsVersion = 10.3;
						TestTargetID = D1E72537231FC805000289F9;
					};
				};
			};
			buildConfigurationList = D1E72533231FC805000289F9 /* Build configuration list for PBXProject "JJTextField" */;
			compatibilityVersion = "Xcode 9.3";
			developmentRegion = en;
			hasScannedForEncodings = 0;
			knownRegions = (
				en,
				Base,
			);
			mainGroup = D1E7252F231FC805000289F9;
			productRefGroup = D1E72539231FC805000289F9 /* Products */;
			projectDirPath = "";
			projectRoot = "";
			targets = (
				D1E72537231FC805000289F9 /* JJTextField */,
				D1E7254B231FC806000289F9 /* JJTextFieldTests */,
				D1E72556231FC807000289F9 /* JJTextFieldUITests */,
			);
		};
/* End PBXProject section */

/* Begin PBXResourcesBuildPhase section */
		D1E72536231FC805000289F9 /* Resources */ = {
			isa = PBXResourcesBuildPhase;
			buildActionMask = 2147483647;
			files = (
				D1E72546231FC806000289F9 /* LaunchScreen.storyboard in Resources */,
				D1E72543231FC806000289F9 /* Assets.xcassets in Resources */,
				D1E72541231FC805000289F9 /* Main.storyboard in Resources */,
			);
			runOnlyForDeploymentPostprocessing = 0;
		};
		D1E7254A231FC806000289F9 /* Resources */ = {
			isa = PBXResourcesBuildPhase;
			buildActionMask = 2147483647;
			files = (
			);
			runOnlyForDeploymentPostprocessing = 0;
		};
		D1E72555231FC807000289F9 /* Resources */ = {
			isa = PBXResourcesBuildPhase;
			buildActionMask = 2147483647;
			files = (
			);
			runOnlyForDeploymentPostprocessing = 0;
		};
/* End PBXResourcesBuildPhase section */

/* Begin PBXSourcesBuildPhase section */
		D1E72534231FC805000289F9 /* Sources */ = {
			isa = PBXSourcesBuildPhase;
			buildActionMask = 2147483647;
			files = (
				D1E7253E231FC805000289F9 /* ViewController.swift in Sources */,
				D1E7256C231FC937000289F9 /* JJTextField.swift in Sources */,
				D1E7253C231FC805000289F9 /* AppDelegate.swift in Sources */,
			);
			runOnlyForDeploymentPostprocessing = 0;
		};
		D1E72548231FC806000289F9 /* Sources */ = {
			isa = PBXSourcesBuildPhase;
			buildActionMask = 2147483647;
			files = (
				D1E72551231FC806000289F9 /* JJTextFieldTests.swift in Sources */,
			);
			runOnlyForDeploymentPostprocessing = 0;
		};
		D1E72553231FC807000289F9 /* Sources */ = {
			isa = PBXSourcesBuildPhase;
			buildActionMask = 2147483647;
			files = (
				D1E7255C231FC807000289F9 /* JJTextFieldUITests.swift in Sources */,
			);
			runOnlyForDeploymentPostprocessing = 0;
		};
/* End PBXSourcesBuildPhase section */

/* Begin PBXTargetDependency section */
		D1E7254E231FC806000289F9 /* PBXTargetDependency */ = {
			isa = PBXTargetDependency;
			target = D1E72537231FC805000289F9 /* JJTextField */;
			targetProxy = D1E7254D231FC806000289F9 /* PBXContainerItemProxy */;
		};
		D1E72559231FC807000289F9 /* PBXTargetDependency */ = {
			isa = PBXTargetDependency;
			target = D1E72537231FC805000289F9 /* JJTextField */;
			targetProxy = D1E72558231FC807000289F9 /* PBXContainerItemProxy */;
		};
/* End PBXTargetDependency section */

/* Begin PBXVariantGroup section */
		D1E7253F231FC805000289F9 /* Main.storyboard */ = {
			isa = PBXVariantGroup;
			children = (
				D1E72540231FC805000289F9 /* Base */,
			);
			name = Main.storyboard;
			sourceTree = "<group>";
		};
		D1E72544231FC806000289F9 /* LaunchScreen.storyboard */ = {
			isa = PBXVariantGroup;
			children = (
				D1E72545231FC806000289F9 /* Base */,
			);
			name = LaunchScreen.storyboard;
			sourceTree = "<group>";
		};
/* End PBXVariantGroup section */

/* Begin XCBuildConfiguration section */
		D1E7255E231FC807000289F9 /* Debug */ = {
			isa = XCBuildConfiguration;
			buildSettings = {
				ALWAYS_SEARCH_USER_PATHS = NO;
				CLANG_ANALYZER_NONNULL = YES;
				CLANG_ANALYZER_NUMBER_OBJECT_CONVERSION = YES_AGGRESSIVE;
				CLANG_CXX_LANGUAGE_STANDARD = "gnu++14";
				CLANG_CXX_LIBRARY = "libc++";
				CLANG_ENABLE_MODULES = YES;
				CLANG_ENABLE_OBJC_ARC = YES;
				CLANG_ENABLE_OBJC_WEAK = YES;
				CLANG_WARN_BLOCK_CAPTURE_AUTORELEASING = YES;
				CLANG_WARN_BOOL_CONVERSION = YES;
				CLANG_WARN_COMMA = YES;
				CLANG_WARN_CONSTANT_CONVERSION = YES;
				CLANG_WARN_DEPRECATED_OBJC_IMPLEMENTATIONS = YES;
				CLANG_WARN_DIRECT_OBJC_ISA_USAGE = YES_ERROR;
				CLANG_WARN_DOCUMENTATION_COMMENTS = YES;
				CLANG_WARN_EMPTY_BODY = YES;
				CLANG_WARN_ENUM_CONVERSION = YES;
				CLANG_WARN_INFINITE_RECURSION = YES;
				CLANG_WARN_INT_CONVERSION = YES;
				CLANG_WARN_NON_LITERAL_NULL_CONVERSION = YES;
				CLANG_WARN_OBJC_IMPLICIT_RETAIN_SELF = YES;
				CLANG_WARN_OBJC_LITERAL_CONVERSION = YES;
				CLANG_WARN_OBJC_ROOT_CLASS = YES_ERROR;
				CLANG_WARN_RANGE_LOOP_ANALYSIS = YES;
				CLANG_WARN_STRICT_PROTOTYPES = YES;
				CLANG_WARN_SUSPICIOUS_MOVE = YES;
				CLANG_WARN_UNGUARDED_AVAILABILITY = YES_AGGRESSIVE;
				CLANG_WARN_UNREACHABLE_CODE = YES;
				CLANG_WARN__DUPLICATE_METHOD_MATCH = YES;
				CODE_SIGN_IDENTITY = "iPhone Developer";
				COPY_PHASE_STRIP = NO;
				DEBUG_INFORMATION_FORMAT = dwarf;
				ENABLE_STRICT_OBJC_MSGSEND = YES;
				ENABLE_TESTABILITY = YES;
				GCC_C_LANGUAGE_STANDARD = gnu11;
				GCC_DYNAMIC_NO_PIC = NO;
				GCC_NO_COMMON_BLOCKS = YES;
				GCC_OPTIMIZATION_LEVEL = 0;
				GCC_PREPROCESSOR_DEFINITIONS = (
					"DEBUG=1",
					"$(inherited)",
				);
				GCC_WARN_64_TO_32_BIT_CONVERSION = YES;
				GCC_WARN_ABOUT_RETURN_TYPE = YES_ERROR;
				GCC_WARN_UNDECLARED_SELECTOR = YES;
				GCC_WARN_UNINITIALIZED_AUTOS = YES_AGGRESSIVE;
				GCC_WARN_UNUSED_FUNCTION = YES;
				GCC_WARN_UNUSED_VARIABLE = YES;
				IPHONEOS_DEPLOYMENT_TARGET = 12.4;
				MTL_ENABLE_DEBUG_INFO = INCLUDE_SOURCE;
				MTL_FAST_MATH = YES;
				ONLY_ACTIVE_ARCH = YES;
				SDKROOT = iphoneos;
				SWIFT_ACTIVE_COMPILATION_CONDITIONS = DEBUG;
				SWIFT_OPTIMIZATION_LEVEL = "-Onone";
			};
			name = Debug;
		};
		D1E7255F231FC807000289F9 /* Release */ = {
			isa = XCBuildConfiguration;
			buildSettings = {
				ALWAYS_SEARCH_USER_PATHS = NO;
				CLANG_ANALYZER_NONNULL = YES;
				CLANG_ANALYZER_NUMBER_OBJECT_CONVERSION = YES_AGGRESSIVE;
				CLANG_CXX_LANGUAGE_STANDARD = "gnu++14";
				CLANG_CXX_LIBRARY = "libc++";
				CLANG_ENABLE_MODULES = YES;
				CLANG_ENABLE_OBJC_ARC = YES;
				CLANG_ENABLE_OBJC_WEAK = YES;
				CLANG_WARN_BLOCK_CAPTURE_AUTORELEASING = YES;
				CLANG_WARN_BOOL_CONVERSION = YES;
				CLANG_WARN_COMMA = YES;
				CLANG_WARN_CONSTANT_CONVERSION = YES;
				CLANG_WARN_DEPRECATED_OBJC_IMPLEMENTATIONS = YES;
				CLANG_WARN_DIRECT_OBJC_ISA_USAGE = YES_ERROR;
				CLANG_WARN_DOCUMENTATION_COMMENTS = YES;
				CLANG_WARN_EMPTY_BODY = YES;
				CLANG_WARN_ENUM_CONVERSION = YES;
				CLANG_WARN_INFINITE_RECURSION = YES;
				CLANG_WARN_INT_CONVERSION = YES;
				CLANG_WARN_NON_LITERAL_NULL_CONVERSION = YES;
				CLANG_WARN_OBJC_IMPLICIT_RETAIN_SELF = YES;
				CLANG_WARN_OBJC_LITERAL_CONVERSION = YES;
				CLANG_WARN_OBJC_ROOT_CLASS = YES_ERROR;
				CLANG_WARN_RANGE_LOOP_ANALYSIS = YES;
				CLANG_WARN_STRICT_PROTOTYPES = YES;
				CLANG_WARN_SUSPICIOUS_MOVE = YES;
				CLANG_WARN_UNGUARDED_AVAILABILITY = YES_AGGRESSIVE;
				CLANG_WARN_UNREACHABLE_CODE = YES;
				CLANG_WARN__DUPLICATE_METHOD_MATCH = YES;
				CODE_SIGN_IDENTITY = "iPhone Developer";
				COPY_PHASE_STRIP = NO;
				DEBUG_INFORMATION_FORMAT = "dwarf-with-dsym";
				ENABLE_NS_ASSERTIONS = NO;
				ENABLE_STRICT_OBJC_MSGSEND = YES;
				GCC_C_LANGUAGE_STANDARD = gnu11;
				GCC_NO_COMMON_BLOCKS = YES;
				GCC_WARN_64_TO_32_BIT_CONVERSION = YES;
				GCC_WARN_ABOUT_RETURN_TYPE = YES_ERROR;
				GCC_WARN_UNDECLARED_SELECTOR = YES;
				GCC_WARN_UNINITIALIZED_AUTOS = YES_AGGRESSIVE;
				GCC_WARN_UNUSED_FUNCTION = YES;
				GCC_WARN_UNUSED_VARIABLE = YES;
				IPHONEOS_DEPLOYMENT_TARGET = 12.4;
				MTL_ENABLE_DEBUG_INFO = NO;
				MTL_FAST_MATH = YES;
				SDKROOT = iphoneos;
				SWIFT_COMPILATION_MODE = wholemodule;
				SWIFT_OPTIMIZATION_LEVEL = "-O";
				VALIDATE_PRODUCT = YES;
			};
			name = Release;
		};
		D1E72561231FC807000289F9 /* Debug */ = {
			isa = XCBuildConfiguration;
			buildSettings = {
				ASSETCATALOG_COMPILER_APPICON_NAME = AppIcon;
				CODE_SIGN_STYLE = Automatic;
				DEVELOPMENT_TEAM = TKMGP28YAK;
				INFOPLIST_FILE = JJTextField/Info.plist;
				LD_RUNPATH_SEARCH_PATHS = (
					"$(inherited)",
					"@executable_path/Frameworks",
				);
				PRODUCT_BUNDLE_IDENTIFIER = com.matrixport.JJTextField;
				PRODUCT_NAME = "$(TARGET_NAME)";
				SWIFT_VERSION = 5.0;
				TARGETED_DEVICE_FAMILY = "1,2";
			};
			name = Debug;
		};
		D1E72562231FC807000289F9 /* Release */ = {
			isa = XCBuildConfiguration;
			buildSettings = {
				ASSETCATALOG_COMPILER_APPICON_NAME = AppIcon;
				CODE_SIGN_STYLE = Automatic;
				DEVELOPMENT_TEAM = TKMGP28YAK;
				INFOPLIST_FILE = JJTextField/Info.plist;
				LD_RUNPATH_SEARCH_PATHS = (
					"$(inherited)",
					"@executable_path/Frameworks",
				);
				PRODUCT_BUNDLE_IDENTIFIER = com.matrixport.JJTextField;
				PRODUCT_NAME = "$(TARGET_NAME)";
				SWIFT_VERSION = 5.0;
				TARGETED_DEVICE_FAMILY = "1,2";
			};
			name = Release;
		};
		D1E72564231FC807000289F9 /* Debug */ = {
			isa = XCBuildConfiguration;
			buildSettings = {
				ALWAYS_EMBED_SWIFT_STANDARD_LIBRARIES = YES;
				BUNDLE_LOADER = "$(TEST_HOST)";
				CODE_SIGN_STYLE = Automatic;
				DEVELOPMENT_TEAM = TKMGP28YAK;
				INFOPLIST_FILE = JJTextFieldTests/Info.plist;
				LD_RUNPATH_SEARCH_PATHS = (
					"$(inherited)",
					"@executable_path/Frameworks",
					"@loader_path/Frameworks",
				);
				PRODUCT_BUNDLE_IDENTIFIER = com.matrixport.JJTextFieldTests;
				PRODUCT_NAME = "$(TARGET_NAME)";
				SWIFT_VERSION = 5.0;
				TARGETED_DEVICE_FAMILY = "1,2";
				TEST_HOST = "$(BUILT_PRODUCTS_DIR)/JJTextField.app/JJTextField";
			};
			name = Debug;
		};
		D1E72565231FC807000289F9 /* Release */ = {
			isa = XCBuildConfiguration;
			buildSettings = {
				ALWAYS_EMBED_SWIFT_STANDARD_LIBRARIES = YES;
				BUNDLE_LOADER = "$(TEST_HOST)";
				CODE_SIGN_STYLE = Automatic;
				DEVELOPMENT_TEAM = TKMGP28YAK;
				INFOPLIST_FILE = JJTextFieldTests/Info.plist;
				LD_RUNPATH_SEARCH_PATHS = (
					"$(inherited)",
					"@executable_path/Frameworks",
					"@loader_path/Frameworks",
				);
				PRODUCT_BUNDLE_IDENTIFIER = com.matrixport.JJTextFieldTests;
				PRODUCT_NAME = "$(TARGET_NAME)";
				SWIFT_VERSION = 5.0;
				TARGETED_DEVICE_FAMILY = "1,2";
				TEST_HOST = "$(BUILT_PRODUCTS_DIR)/JJTextField.app/JJTextField";
			};
			name = Release;
		};
		D1E72567231FC807000289F9 /* Debug */ = {
			isa = XCBuildConfiguration;
			buildSettings = {
				ALWAYS_EMBED_SWIFT_STANDARD_LIBRARIES = YES;
				CODE_SIGN_STYLE = Automatic;
				DEVELOPMENT_TEAM = TKMGP28YAK;
				INFOPLIST_FILE = JJTextFieldUITests/Info.plist;
				LD_RUNPATH_SEARCH_PATHS = (
					"$(inherited)",
					"@executable_path/Frameworks",
					"@loader_path/Frameworks",
				);
				PRODUCT_BUNDLE_IDENTIFIER = com.matrixport.JJTextFieldUITests;
				PRODUCT_NAME = "$(TARGET_NAME)";
				SWIFT_VERSION = 5.0;
				TARGETED_DEVICE_FAMILY = "1,2";
				TEST_TARGET_NAME = JJTextField;
			};
			name = Debug;
		};
		D1E72568231FC807000289F9 /* Release */ = {
			isa = XCBuildConfiguration;
			buildSettings = {
				ALWAYS_EMBED_SWIFT_STANDARD_LIBRARIES = YES;
				CODE_SIGN_STYLE = Automatic;
				DEVELOPMENT_TEAM = TKMGP28YAK;
				INFOPLIST_FILE = JJTextFieldUITests/Info.plist;
				LD_RUNPATH_SEARCH_PATHS = (
					"$(inherited)",
					"@executable_path/Frameworks",
					"@loader_path/Frameworks",
				);
				PRODUCT_BUNDLE_IDENTIFIER = com.matrixport.JJTextFieldUITests;
				PRODUCT_NAME = "$(TARGET_NAME)";
				SWIFT_VERSION = 5.0;
				TARGETED_DEVICE_FAMILY = "1,2";
				TEST_TARGET_NAME = JJTextField;
			};
			name = Release;
		};
/* End XCBuildConfiguration section */

/* Begin XCConfigurationList section */
		D1E72533231FC805000289F9 /* Build configuration list for PBXProject "JJTextField" */ = {
			isa = XCConfigurationList;
			buildConfigurations = (
				D1E7255E231FC807000289F9 /* Debug */,
				D1E7255F231FC807000289F9 /* Release */,
			);
			defaultConfigurationIsVisible = 0;
			defaultConfigurationName = Release;
		};
		D1E72560231FC807000289F9 /* Build configuration list for PBXNativeTarget "JJTextField" */ = {
			isa = XCConfigurationList;
			buildConfigurations = (
				D1E72561231FC807000289F9 /* Debug */,
				D1E72562231FC807000289F9 /* Release */,
			);
			defaultConfigurationIsVisible = 0;
			defaultConfigurationName = Release;
		};
		D1E72563231FC807000289F9 /* Build configuration list for PBXNativeTarget "JJTextFieldTests" */ = {
			isa = XCConfigurationList;
			buildConfigurations = (
				D1E72564231FC807000289F9 /* Debug */,
				D1E72565231FC807000289F9 /* Release */,
			);
			defaultConfigurationIsVisible = 0;
			defaultConfigurationName = Release;
		};
		D1E72566231FC807000289F9 /* Build configuration list for PBXNativeTarget "JJTextFieldUITests" */ = {
			isa = XCConfigurationList;
			buildConfigurations = (
				D1E72567231FC807000289F9 /* Debug */,
				D1E72568231FC807000289F9 /* Release */,
			);
			defaultConfigurationIsVisible = 0;
			defaultConfigurationName = Release;
		};
/* End XCConfigurationList section */
	};
	rootObject = D1E72530231FC805000289F9 /* Project object */;
}
